
Microsoft Visual Studio Solution File, Format Version 12.00
# Visual Studio Version 16
VisualStudioVersion = 16.0.31112.23
MinimumVisualStudioVersion = 10.0.40219.1
Project("{FAE04EC0-301F-11D3-BF4B-00C04F79EFBC}") = "Planned_Partnerhood_Proj", "Planned_Partnerhood_Proj\Planned_Partnerhood_Proj.csproj", "{85E52534-1F1F-44DA-9A7D-119F2DF5A652}"
EndProject
Global
	GlobalSection(SolutionConfigurationPlatforms) = preSolution
		Debug|Any CPU = Debug|Any CPU
		Release|Any CPU = Release|Any CPU
	EndGlobalSection
	GlobalSection(ProjectConfigurationPlatforms) = postSolution
		{85E52534-1F1F-44DA-9A7D-119F2DF5A652}.Debug|Any CPU.ActiveCfg = Debug|Any CPU
		{85E52534-1F1F-44DA-9A7D-119F2DF5A652}.Debug|Any CPU.Build.0 = Debug|Any CPU
		{85E52534-1F1F-44DA-9A7D-119F2DF5A652}.Release|Any CPU.ActiveCfg = Release|Any CPU
		{85E52534-1F1F-44DA-9A7D-119F2DF5A652}.Release|Any CPU.Build.0 = Release|Any CPU
	EndGlobalSection
	GlobalSection(SolutionProperties) = preSolution
		HideSolutionNode = FALSE
	EndGlobalSection
	GlobalSection(ExtensibilityGlobals) = postSolution
		SolutionGuid = {C21C3B73-C868-44EE-8387-4D9B1C5092E9}
	EndGlobalSection
EndGlobal
